
Microsoft Visual Studio Solution File, Format Version 12.00
# Visual Studio 2012
Project("{FAE04EC0-301F-11D3-BF4B-00C04F79EFBC}") = "OnlineStoreBL", "OnlineStoreBL.csproj", "{1D571461-9953-45EE-B56A-D9E067EFDD85}"
EndProject
Global
	GlobalSection(SolutionConfigurationPlatforms) = preSolution
		Debug|Any CPU = Debug|Any CPU
		Release|Any CPU = Release|Any CPU
	EndGlobalSection
	GlobalSection(ProjectConfigurationPlatforms) = postSolution
		{1D571461-9953-45EE-B56A-D9E067EFDD85}.Debug|Any CPU.ActiveCfg = Debug|Any CPU
		{1D571461-9953-45EE-B56A-D9E067EFDD85}.Debug|Any CPU.Build.0 = Debug|Any CPU
		{1D571461-9953-45EE-B56A-D9E067EFDD85}.Release|Any CPU.ActiveCfg = Release|Any CPU
		{1D571461-9953-45EE-B56A-D9E067EFDD85}.Release|Any CPU.Build.0 = Release|Any CPU
	EndGlobalSection
	GlobalSection(SolutionProperties) = preSolution
		HideSolutionNode = FALSE
	EndGlobalSection
EndGlobal
